
Microsoft Visual Studio Solution File, Format Version 12.00
# Visual Studio 15
Project("{FAE04EC0-301F-11D3-BF4B-00C04F79EFBC}") = "Assembly-CSharp", "Assembly-CSharp.csproj", "{7F6FABA3-C728-41C3-788E-6728ACD6111A}"
EndProject
Project("{FAE04EC0-301F-11D3-BF4B-00C04F79EFBC}") = "HelloCube", "HelloCube.csproj", "{36D1378D-7435-6562-EE31-10D3820750E2}"
EndProject
Project("{FAE04EC0-301F-11D3-BF4B-00C04F79EFBC}") = "Samples.GridPath", "Samples.GridPath.csproj", "{CEE50586-A327-A53A-A3FF-172D859B39E0}"
EndProject
Project("{FAE04EC0-301F-11D3-BF4B-00C04F79EFBC}") = "Samples.Boids", "Samples.Boids.csproj", "{9A8FA4C2-E6D2-2504-3C55-F732E9B5E19E}"
EndProject
Project("{FAE04EC0-301F-11D3-BF4B-00C04F79EFBC}") = "SubsceneWithBuildConfigurations", "SubsceneWithBuildConfigurations.csproj", "{7071C55D-FDCC-C17A-7EBA-1DA45A9B259F}"
EndProject
Project("{FAE04EC0-301F-11D3-BF4B-00C04F79EFBC}") = "AllTest", "AllTest.csproj", "{77C115A2-4337-FAC0-1D4E-30BC074CF7C2}"
EndProject
Project("{FAE04EC0-301F-11D3-BF4B-00C04F79EFBC}") = "Assembly-CSharp-Editor", "Assembly-CSharp-Editor.csproj", "{8C16BB92-3AAD-7CC4-1442-9C2947CAA971}"
EndProject
Project("{FAE04EC0-301F-11D3-BF4B-00C04F79EFBC}") = "Samples.GridPath.Tests", "Samples.GridPath.Tests.csproj", "{E0FEEF85-3F6E-364A-8243-4FD4137E8D6C}"
EndProject
Project("{FAE04EC0-301F-11D3-BF4B-00C04F79EFBC}") = "SubSceneTests", "SubSceneTests.csproj", "{EA4EEC17-788A-C62B-E4F7-4F09CE1A093F}"
EndProject
Global
	GlobalSection(SolutionConfigurationPlatforms) = preSolution
		Debug|Any CPU = Debug|Any CPU
		Release|Any CPU = Release|Any CPU
	EndGlobalSection
	GlobalSection(ProjectConfigurationPlatforms) = postSolution
		{7F6FABA3-C728-41C3-788E-6728ACD6111A}.Debug|Any CPU.ActiveCfg = Debug|Any CPU
		{7F6FABA3-C728-41C3-788E-6728ACD6111A}.Debug|Any CPU.Build.0 = Debug|Any CPU
		{7F6FABA3-C728-41C3-788E-6728ACD6111A}.Release|Any CPU.ActiveCfg = Release|Any CPU
		{7F6FABA3-C728-41C3-788E-6728ACD6111A}.Release|Any CPU.Build.0 = Release|Any CPU
		{36D1378D-7435-6562-EE31-10D3820750E2}.Debug|Any CPU.ActiveCfg = Debug|Any CPU
		{36D1378D-7435-6562-EE31-10D3820750E2}.Debug|Any CPU.Build.0 = Debug|Any CPU
		{36D1378D-7435-6562-EE31-10D3820750E2}.Release|Any CPU.ActiveCfg = Release|Any CPU
		{36D1378D-7435-6562-EE31-10D3820750E2}.Release|Any CPU.Build.0 = Release|Any CPU
		{CEE50586-A327-A53A-A3FF-172D859B39E0}.Debug|Any CPU.ActiveCfg = Debug|Any CPU
		{CEE50586-A327-A53A-A3FF-172D859B39E0}.Debug|Any CPU.Build.0 = Debug|Any CPU
		{CEE50586-A327-A53A-A3FF-172D859B39E0}.Release|Any CPU.ActiveCfg = Release|Any CPU
		{CEE50586-A327-A53A-A3FF-172D859B39E0}.Release|Any CPU.Build.0 = Release|Any CPU
		{9A8FA4C2-E6D2-2504-3C55-F732E9B5E19E}.Debug|Any CPU.ActiveCfg = Debug|Any CPU
		{9A8FA4C2-E6D2-2504-3C55-F732E9B5E19E}.Debug|Any CPU.Build.0 = Debug|Any CPU
		{9A8FA4C2-E6D2-2504-3C55-F732E9B5E19E}.Release|Any CPU.ActiveCfg = Release|Any CPU
		{9A8FA4C2-E6D2-2504-3C55-F732E9B5E19E}.Release|Any CPU.Build.0 = Release|Any CPU
		{7071C55D-FDCC-C17A-7EBA-1DA45A9B259F}.Debug|Any CPU.ActiveCfg = Debug|Any CPU
		{7071C55D-FDCC-C17A-7EBA-1DA45A9B259F}.Debug|Any CPU.Build.0 = Debug|Any CPU
		{7071C55D-FDCC-C17A-7EBA-1DA45A9B259F}.Release|Any CPU.ActiveCfg = Release|Any CPU
		{7071C55D-FDCC-C17A-7EBA-1DA45A9B259F}.Release|Any CPU.Build.0 = Release|Any CPU
		{77C115A2-4337-FAC0-1D4E-30BC074CF7C2}.Debug|Any CPU.ActiveCfg = Debug|Any CPU
		{77C115A2-4337-FAC0-1D4E-30BC074CF7C2}.Debug|Any CPU.Build.0 = Debug|Any CPU
		{77C115A2-4337-FAC0-1D4E-30BC074CF7C2}.Release|Any CPU.ActiveCfg = Release|Any CPU
		{77C115A2-4337-FAC0-1D4E-30BC074CF7C2}.Release|Any CPU.Build.0 = Release|Any CPU
		{8C16BB92-3AAD-7CC4-1442-9C2947CAA971}.Debug|Any CPU.ActiveCfg = Debug|Any CPU
		{8C16BB92-3AAD-7CC4-1442-9C2947CAA971}.Debug|Any CPU.Build.0 = Debug|Any CPU
		{8C16BB92-3AAD-7CC4-1442-9C2947CAA971}.Release|Any CPU.ActiveCfg = Release|Any CPU
		{8C16BB92-3AAD-7CC4-1442-9C2947CAA971}.Release|Any CPU.Build.0 = Release|Any CPU
		{E0FEEF85-3F6E-364A-8243-4FD4137E8D6C}.Debug|Any CPU.ActiveCfg = Debug|Any CPU
		{E0FEEF85-3F6E-364A-8243-4FD4137E8D6C}.Debug|Any CPU.Build.0 = Debug|Any CPU
		{E0FEEF85-3F6E-364A-8243-4FD4137E8D6C}.Release|Any CPU.ActiveCfg = Release|Any CPU
		{E0FEEF85-3F6E-364A-8243-4FD4137E8D6C}.Release|Any CPU.Build.0 = Release|Any CPU
		{EA4EEC17-788A-C62B-E4F7-4F09CE1A093F}.Debug|Any CPU.ActiveCfg = Debug|Any CPU
		{EA4EEC17-788A-C62B-E4F7-4F09CE1A093F}.Debug|Any CPU.Build.0 = Debug|Any CPU
		{EA4EEC17-788A-C62B-E4F7-4F09CE1A093F}.Release|Any CPU.ActiveCfg = Release|Any CPU
		{EA4EEC17-788A-C62B-E4F7-4F09CE1A093F}.Release|Any CPU.Build.0 = Release|Any CPU
	EndGlobalSection
	GlobalSection(SolutionProperties) = preSolution
		HideSolutionNode = FALSE
	EndGlobalSection
EndGlobal
